dependencies:
  single-spa-svelte: 2.1.0
  svelte: 3.29.4
  svelte-routing: 1.4.2_svelte@3.29.4
devDependencies:
  rollup: 2.33.1
  rollup-plugin-alias: 2.2.0
  rollup-plugin-commonjs: 10.1.0_rollup@2.33.1
  rollup-plugin-node-resolve: 5.2.0_rollup@2.33.1
  rollup-plugin-replace: 2.2.0
  rollup-plugin-svelte: 5.2.3_rollup@2.33.1+svelte@3.29.4
lockfileVersion: 5.1
packages:
  /@types/estree/0.0.45:
    dev: true
    resolution:
      integrity: sha512-jnqIUKDUqJbDIUxm0Uj7bnlMnRm1T/eZ9N+AVMqhPgzrba2GhGG5o/jCTwmdPK709nEZsGoMzXEDUjcXHa3W0g==
  /@types/node/14.14.6:
    dev: true
    resolution:
      integrity: sha512-6QlRuqsQ/Ox/aJEQWBEJG7A9+u7oSYl3mem/K8IzxXG/kAGbV1YPD9Bg9Zw3vyxC/YP+zONKwy8hGkSt1jxFMw==
  /@types/resolve/0.0.8:
    dependencies:
      '@types/node': 14.14.6
    dev: true
    resolution:
      integrity: sha512-auApPaJf3NPfe18hSoJkp8EbZzer2ISk7o8mCC3M9he/a04+gbMF97NkpD2S8riMGvm4BMRI59/SZQSaLTKpsQ==
  /builtin-modules/3.1.0:
    dev: true
    engines:
      node: '>=6'
    resolution:
      integrity: sha512-k0KL0aWZuBt2lrxrcASWDfwOLMnodeQjodT/1SxEQAXsHANgo6ZC/VEaSEHCXt7aSTZ4/4H5LKa+tBXmW7Vtvw==
  /estree-walker/0.6.1:
    dev: true
    resolution:
      integrity: sha512-SqmZANLWS0mnatqbSfRP5g8OXZC12Fgg1IwNtLsyHDzJizORW4khDfjPqJZsemPWBB2uqykUah5YpQ6epsqC/w==
  /fsevents/2.1.3:
    dev: true
    engines:
      node: ^8.16.0 || ^10.6.0 || >=11.0.0
    optional: true
    os:
      - darwin
    resolution:
      integrity: sha512-Auw9a4AxqWpa9GUfj370BMPzzyncfBABW8Mab7BGWBYDj4Isgq+cDKtx0i6u9jcX9pQDnswsaaOTgTmA5pEjuQ==
  /function-bind/1.1.1:
    dev: true
    resolution:
      integrity: sha512-yIovAzMX49sF8Yl58fSCWJ5svSLuaibPxXQJFLmBObTuCr0Mf1KiPopGM9NiFjiYBCbfaa2Fh6breQ6ANVTI0A==
  /has/1.0.3:
    dependencies:
      function-bind: 1.1.1
    dev: true
    engines:
      node: '>= 0.4.0'
    resolution:
      integrity: sha512-f2dvO0VU6Oej7RkWJGrehjbzMAjFp5/VKPp5tTpWIV4JHHZK1/BxbFRtf/siA2SWTe09caDmVtYYzWEIbBS4zw==
  /is-core-module/2.1.0:
    dependencies:
      has: 1.0.3
    dev: true
    resolution:
      integrity: sha512-YcV7BgVMRFRua2FqQzKtTDMz8iCuLEyGKjr70q8Zm1yy2qKcurbFEd79PAdHV77oL3NrAaOVQIbMmiHQCHB7ZA==
  /is-module/1.0.0:
    dev: true
    resolution:
      integrity: sha1-Mlj7afeMFNW4FdZkM2tM/7ZEFZE=
  /is-reference/1.2.1:
    dependencies:
      '@types/estree': 0.0.45
    dev: true
    resolution:
      integrity: sha512-U82MsXXiFIrjCK4otLT+o2NA2Cd2g5MLoOVXUZjIOhLurrRxpEXzI8O0KZHr3IjLvlAH1kTPYSuqer5T9ZVBKQ==
  /magic-string/0.25.7:
    dependencies:
      sourcemap-codec: 1.4.8
    dev: true
    resolution:
      integrity: sha512-4CrMT5DOHTDk4HYDlzmwu4FVCcIYI8gauveasrdCu2IKIFOJ3f0v/8MDGJCDL9oD2ppz/Av1b0Nj345H9M+XIA==
  /path-parse/1.0.6:
    dev: true
    resolution:
      integrity: sha512-GSmOT2EbHrINBf9SR7CDELwlJ8AENk3Qn7OikK4nFYAu3Ote2+JYNVvkpAEQm3/TLNEJFD/xZJjzyxg3KBWOzw==
  /require-relative/0.8.7:
    dev: true
    resolution:
      integrity: sha1-eZlTn8ngR6N5KPoZb44VY9q9Nt4=
  /resolve/1.18.1:
    dependencies:
      is-core-module: 2.1.0
      path-parse: 1.0.6
    dev: true
    resolution:
      integrity: sha512-lDfCPaMKfOJXjy0dPayzPdF1phampNWr3qFCjAu+rw/qbQmr5jWH5xN2hwh9QKfw9E5v4hwV7A+jrCmL8yjjqA==
  /rollup-plugin-alias/2.2.0:
    dependencies:
      slash: 3.0.0
    deprecated: This module has moved and is now available at @rollup/plugin-alias. Please update your dependencies. This version is no longer maintained.
    dev: true
    resolution:
      integrity: sha512-9ZK410qeFed4gGrHoojBpxLsHF74vPgsheGg9JRW5RbALAxqdvJbd357mSqWBqUrBfRVnZnNUXTZdYLxxQEA5A==
  /rollup-plugin-commonjs/10.1.0_rollup@2.33.1:
    dependencies:
      estree-walker: 0.6.1
      is-reference: 1.2.1
      magic-string: 0.25.7
      resolve: 1.18.1
      rollup: 2.33.1
      rollup-pluginutils: 2.8.2
    deprecated: This package has been deprecated and is no longer maintained. Please use @rollup/plugin-commonjs.
    dev: true
    peerDependencies:
      rollup: '>=1.12.0'
    resolution:
      integrity: sha512-jlXbjZSQg8EIeAAvepNwhJj++qJWNJw1Cl0YnOqKtP5Djx+fFGkp3WRh+W0ASCaFG5w1jhmzDxgu3SJuVxPF4Q==
  /rollup-plugin-node-resolve/5.2.0_rollup@2.33.1:
    dependencies:
      '@types/resolve': 0.0.8
      builtin-modules: 3.1.0
      is-module: 1.0.0
      resolve: 1.18.1
      rollup: 2.33.1
      rollup-pluginutils: 2.8.2
    deprecated: This package has been deprecated and is no longer maintained. Please use @rollup/plugin-node-resolve.
    dev: true
    peerDependencies:
      rollup: '>=1.11.0'
    resolution:
      integrity: sha512-jUlyaDXts7TW2CqQ4GaO5VJ4PwwaV8VUGA7+km3n6k6xtOEacf61u0VXwN80phY/evMcaS+9eIeJ9MOyDxt5Zw==
  /rollup-plugin-replace/2.2.0:
    dependencies:
      magic-string: 0.25.7
      rollup-pluginutils: 2.8.2
    deprecated: This module has moved and is now available at @rollup/plugin-replace. Please update your dependencies. This version is no longer maintained.
    dev: true
    resolution:
      integrity: sha512-/5bxtUPkDHyBJAKketb4NfaeZjL5yLZdeUihSfbF2PQMz+rSTEb8ARKoOl3UBT4m7/X+QOXJo3sLTcq+yMMYTA==
  /rollup-plugin-svelte/5.2.3_rollup@2.33.1+svelte@3.29.4:
    dependencies:
      require-relative: 0.8.7
      rollup: 2.33.1
      rollup-pluginutils: 2.8.2
      sourcemap-codec: 1.4.8
      svelte: 3.29.4
    dev: true
    peerDependencies:
      rollup: '>=0.60.0'
      svelte: '*'
    resolution:
      integrity: sha512-513vOht9A93OV7fvmpIq8mD1JFgTZ5LidmpULKM2Od9P1l8oI5KwvO32fwCnASuVJS1EkRfvCnS7vKQ8DF4srg==
  /rollup-pluginutils/2.8.2:
    dependencies:
      estree-walker: 0.6.1
    dev: true
    resolution:
      integrity: sha512-EEp9NhnUkwY8aif6bxgovPHMoMoNr2FulJziTndpt5H9RdwC47GSGuII9XxpSdzVGM0GWrNPHV6ie1LTNJPaLQ==
  /rollup/2.33.1:
    dev: true
    engines:
      node: '>=10.0.0'
    hasBin: true
    optionalDependencies:
      fsevents: 2.1.3
    resolution:
      integrity: sha512-uY4O/IoL9oNW8MMcbA5hcOaz6tZTMIh7qJHx/tzIJm+n1wLoY38BLn6fuy7DhR57oNFLMbDQtDeJoFURt5933w==
  /single-spa-svelte/2.1.0:
    dev: false
    resolution:
      integrity: sha512-9g1Mqt4QPmpetqQRhKPUnqXVAjbrvQCSA/kowcUj7nmYeyPWJvxzNC7vOkVZBsSo8GVJlNKmss+UvK5cc3UoGg==
  /slash/3.0.0:
    dev: true
    engines:
      node: '>=8'
    resolution:
      integrity: sha512-g9Q1haeby36OSStwb4ntCGGGaKsaVSjQ68fBxoQcutl5fS1vuY18H3wSt3jFyFtrkx+Kz0V1G85A4MyAdDMi2Q==
  /sourcemap-codec/1.4.8:
    dev: true
    resolution:
      integrity: sha512-9NykojV5Uih4lgo5So5dtw+f0JgJX30KCNI8gwhz2J9A15wD0Ml6tjHKwf6fTSa6fAdVBdZeNOs9eJ71qCk8vA==
  /svelte-routing/1.4.2_svelte@3.29.4:
    dependencies:
      svelte: 3.29.4
    dev: false
    peerDependencies:
      svelte: 3.x
    resolution:
      integrity: sha512-CSCKRLeOp9vjsDGGOEgL9DPm9HZLgZuTNehyTCl3K+6fCVH1Aw/K/WicavAVNcbsHmdR4wgF//0YVR9hrcdvGA==
  /svelte/3.29.4:
    dev: false
    engines:
      node: '>= 8'
    resolution:
      integrity: sha512-oW0fGHlyFFMvzRtIvOs84b0fOc0gmZNQcL5Is3hxuTpvaYX3pfd8oHy4KnOvbq4Ca6SG6AHdRMk7OhApTo0NqA==
specifiers:
  rollup: ^2.13.1
  rollup-plugin-alias: ^2.2.0
  rollup-plugin-commonjs: ^10.1.0
  rollup-plugin-node-resolve: ^5.2.0
  rollup-plugin-replace: ^2.2.0
  rollup-plugin-svelte: ^5.2.2
  single-spa-svelte: ^2.1.0
  svelte: ^3.24.0
  svelte-routing: ^1.4.2
